
Microsoft Visual Studio Solution File, Format Version 12.00
# Visual Studio Version 17
VisualStudioVersion = 17.11.35327.3
MinimumVisualStudioVersion = 10.0.40219.1
Project("{FAE04EC0-301F-11D3-BF4B-00C04F79EFBC}") = "Ladderbot4", "Ladderbot4\Ladderbot4.csproj", "{35F6F687-9973-491D-97CF-D88E48B85AE3}"
EndProject
Global
	GlobalSection(SolutionConfigurationPlatforms) = preSolution
		Debug|Any CPU = Debug|Any CPU
		Release|Any CPU = Release|Any CPU
	EndGlobalSection
	GlobalSection(ProjectConfigurationPlatforms) = postSolution
		{35F6F687-9973-491D-97CF-D88E48B85AE3}.Debug|Any CPU.ActiveCfg = Debug|Any CPU
		{35F6F687-9973-491D-97CF-D88E48B85AE3}.Debug|Any CPU.Build.0 = Debug|Any CPU
		{35F6F687-9973-491D-97CF-D88E48B85AE3}.Release|Any CPU.ActiveCfg = Release|Any CPU
		{35F6F687-9973-491D-97CF-D88E48B85AE3}.Release|Any CPU.Build.0 = Release|Any CPU
	EndGlobalSection
	GlobalSection(SolutionProperties) = preSolution
		HideSolutionNode = FALSE
	EndGlobalSection
	GlobalSection(ExtensibilityGlobals) = postSolution
		SolutionGuid = {D1C5C04F-75D7-4CFD-9FB4-CB32F9A75598}
	EndGlobalSection
EndGlobal
